
Microsoft Visual Studio Solution File, Format Version 12.00
# Visual Studio Version 16
VisualStudioVersion = 16.0.31205.134
MinimumVisualStudioVersion = 10.0.40219.1
Project("{9A19103F-16F7-4668-BE54-9A1E7A4F7556}") = "AcademyDWeek2", "AcademyDWeek2\AcademyDWeek2.csproj", "{1EA7725D-D897-4F33-A49A-773F6DAA4911}"
EndProject
Project("{9A19103F-16F7-4668-BE54-9A1E7A4F7556}") = "BollettaLuce", "BollettaLuce\BollettaLuce.csproj", "{7E05F6EE-188B-4049-84CE-8B9B08840205}"
EndProject
Project("{9A19103F-16F7-4668-BE54-9A1E7A4F7556}") = "CarteDiCredito", "CarteDiCredito\CarteDiCredito.csproj", "{06E5C355-1D28-4A5C-8BE9-0238DCD68D6A}"
EndProject
Project("{9A19103F-16F7-4668-BE54-9A1E7A4F7556}") = "ScritturaLetturaDaFile", "ScritturaLetturaDaFile\ScritturaLetturaDaFile.csproj", "{B6E0EFD6-D783-46BD-AA35-001149B5D7A0}"
EndProject
Project("{9A19103F-16F7-4668-BE54-9A1E7A4F7556}") = "IndovinaNumero", "IndovinaNumero\IndovinaNumero.csproj", "{863C1324-0991-46BF-B059-8A31E37EA113}"
EndProject
Project("{9A19103F-16F7-4668-BE54-9A1E7A4F7556}") = "IterazioneRicorsione", "IterazioneRicorsione\IterazioneRicorsione.csproj", "{D201BCA7-F80D-46E1-9019-3AF24AC90676}"
EndProject
Project("{9A19103F-16F7-4668-BE54-9A1E7A4F7556}") = "Interessi", "Interessi\Interessi.csproj", "{529C8B26-1D9F-408E-B9BC-86BC4338973D}"
EndProject
Project("{FAE04EC0-301F-11D3-BF4B-00C04F79EFBC}") = "Libreria", "Libreria\Libreria.csproj", "{7DFEFB99-F432-4AD1-916F-E72D12B2E03D}"
EndProject
Global
	GlobalSection(SolutionConfigurationPlatforms) = preSolution
		Debug|Any CPU = Debug|Any CPU
		Release|Any CPU = Release|Any CPU
	EndGlobalSection
	GlobalSection(ProjectConfigurationPlatforms) = postSolution
		{1EA7725D-D897-4F33-A49A-773F6DAA4911}.Debug|Any CPU.ActiveCfg = Debug|Any CPU
		{1EA7725D-D897-4F33-A49A-773F6DAA4911}.Debug|Any CPU.Build.0 = Debug|Any CPU
		{1EA7725D-D897-4F33-A49A-773F6DAA4911}.Release|Any CPU.ActiveCfg = Release|Any CPU
		{1EA7725D-D897-4F33-A49A-773F6DAA4911}.Release|Any CPU.Build.0 = Release|Any CPU
		{7E05F6EE-188B-4049-84CE-8B9B08840205}.Debug|Any CPU.ActiveCfg = Debug|Any CPU
		{7E05F6EE-188B-4049-84CE-8B9B08840205}.Debug|Any CPU.Build.0 = Debug|Any CPU
		{7E05F6EE-188B-4049-84CE-8B9B08840205}.Release|Any CPU.ActiveCfg = Release|Any CPU
		{7E05F6EE-188B-4049-84CE-8B9B08840205}.Release|Any CPU.Build.0 = Release|Any CPU
		{06E5C355-1D28-4A5C-8BE9-0238DCD68D6A}.Debug|Any CPU.ActiveCfg = Debug|Any CPU
		{06E5C355-1D28-4A5C-8BE9-0238DCD68D6A}.Debug|Any CPU.Build.0 = Debug|Any CPU
		{06E5C355-1D28-4A5C-8BE9-0238DCD68D6A}.Release|Any CPU.ActiveCfg = Release|Any CPU
		{06E5C355-1D28-4A5C-8BE9-0238DCD68D6A}.Release|Any CPU.Build.0 = Release|Any CPU
		{B6E0EFD6-D783-46BD-AA35-001149B5D7A0}.Debug|Any CPU.ActiveCfg = Debug|Any CPU
		{B6E0EFD6-D783-46BD-AA35-001149B5D7A0}.Debug|Any CPU.Build.0 = Debug|Any CPU
		{B6E0EFD6-D783-46BD-AA35-001149B5D7A0}.Release|Any CPU.ActiveCfg = Release|Any CPU
		{B6E0EFD6-D783-46BD-AA35-001149B5D7A0}.Release|Any CPU.Build.0 = Release|Any CPU
		{863C1324-0991-46BF-B059-8A31E37EA113}.Debug|Any CPU.ActiveCfg = Debug|Any CPU
		{863C1324-0991-46BF-B059-8A31E37EA113}.Debug|Any CPU.Build.0 = Debug|Any CPU
		{863C1324-0991-46BF-B059-8A31E37EA113}.Release|Any CPU.ActiveCfg = Release|Any CPU
		{863C1324-0991-46BF-B059-8A31E37EA113}.Release|Any CPU.Build.0 = Release|Any CPU
		{D201BCA7-F80D-46E1-9019-3AF24AC90676}.Debug|Any CPU.ActiveCfg = Debug|Any CPU
		{D201BCA7-F80D-46E1-9019-3AF24AC90676}.Debug|Any CPU.Build.0 = Debug|Any CPU
		{D201BCA7-F80D-46E1-9019-3AF24AC90676}.Release|Any CPU.ActiveCfg = Release|Any CPU
		{D201BCA7-F80D-46E1-9019-3AF24AC90676}.Release|Any CPU.Build.0 = Release|Any CPU
		{529C8B26-1D9F-408E-B9BC-86BC4338973D}.Debug|Any CPU.ActiveCfg = Debug|Any CPU
		{529C8B26-1D9F-408E-B9BC-86BC4338973D}.Debug|Any CPU.Build.0 = Debug|Any CPU
		{529C8B26-1D9F-408E-B9BC-86BC4338973D}.Release|Any CPU.ActiveCfg = Release|Any CPU
		{529C8B26-1D9F-408E-B9BC-86BC4338973D}.Release|Any CPU.Build.0 = Release|Any CPU
		{7DFEFB99-F432-4AD1-916F-E72D12B2E03D}.Debug|Any CPU.ActiveCfg = Debug|Any CPU
		{7DFEFB99-F432-4AD1-916F-E72D12B2E03D}.Debug|Any CPU.Build.0 = Debug|Any CPU
		{7DFEFB99-F432-4AD1-916F-E72D12B2E03D}.Release|Any CPU.ActiveCfg = Release|Any CPU
		{7DFEFB99-F432-4AD1-916F-E72D12B2E03D}.Release|Any CPU.Build.0 = Release|Any CPU
	EndGlobalSection
	GlobalSection(SolutionProperties) = preSolution
		HideSolutionNode = FALSE
	EndGlobalSection
	GlobalSection(ExtensibilityGlobals) = postSolution
		SolutionGuid = {2D089F58-7880-4563-B28E-BEA366648C65}
	EndGlobalSection
EndGlobal
